
Microsoft Visual Studio Solution File, Format Version 12.00
# Visual Studio Version 16
VisualStudioVersion = 16.0.32929.386
MinimumVisualStudioVersion = 10.0.40219.1
Project("{FAE04EC0-301F-11D3-BF4B-00C04F79EFBC}") = "6. DGW + Events", "6. DGW + Events\6. DGW + Events.csproj", "{3450479B-A08F-4379-977C-267B2F6DAB2B}"
EndProject
Global
	GlobalSection(SolutionConfigurationPlatforms) = preSolution
		Debug|Any CPU = Debug|Any CPU
		Release|Any CPU = Release|Any CPU
	EndGlobalSection
	GlobalSection(ProjectConfigurationPlatforms) = postSolution
		{3450479B-A08F-4379-977C-267B2F6DAB2B}.Debug|Any CPU.ActiveCfg = Debug|Any CPU
		{3450479B-A08F-4379-977C-267B2F6DAB2B}.Debug|Any CPU.Build.0 = Debug|Any CPU
		{3450479B-A08F-4379-977C-267B2F6DAB2B}.Release|Any CPU.ActiveCfg = Release|Any CPU
		{3450479B-A08F-4379-977C-267B2F6DAB2B}.Release|Any CPU.Build.0 = Release|Any CPU
	EndGlobalSection
	GlobalSection(SolutionProperties) = preSolution
		HideSolutionNode = FALSE
	EndGlobalSection
	GlobalSection(ExtensibilityGlobals) = postSolution
		SolutionGuid = {DDD3F2AB-186F-4492-8B41-D50269DC42ED}
	EndGlobalSection
EndGlobal
