
Microsoft Visual Studio Solution File, Format Version 12.00
# Visual Studio Version 16
VisualStudioVersion = 16.0.32929.386
MinimumVisualStudioVersion = 10.0.40219.1
Project("{FAE04EC0-301F-11D3-BF4B-00C04F79EFBC}") = "13. Class+DGW", "13. Class+DGW\13. Class+DGW.csproj", "{3B272F4C-8E4E-4797-A3BB-BC5B84FF10DB}"
EndProject
Global
	GlobalSection(SolutionConfigurationPlatforms) = preSolution
		Debug|Any CPU = Debug|Any CPU
		Release|Any CPU = Release|Any CPU
	EndGlobalSection
	GlobalSection(ProjectConfigurationPlatforms) = postSolution
		{3B272F4C-8E4E-4797-A3BB-BC5B84FF10DB}.Debug|Any CPU.ActiveCfg = Debug|Any CPU
		{3B272F4C-8E4E-4797-A3BB-BC5B84FF10DB}.Debug|Any CPU.Build.0 = Debug|Any CPU
		{3B272F4C-8E4E-4797-A3BB-BC5B84FF10DB}.Release|Any CPU.ActiveCfg = Release|Any CPU
		{3B272F4C-8E4E-4797-A3BB-BC5B84FF10DB}.Release|Any CPU.Build.0 = Release|Any CPU
	EndGlobalSection
	GlobalSection(SolutionProperties) = preSolution
		HideSolutionNode = FALSE
	EndGlobalSection
	GlobalSection(ExtensibilityGlobals) = postSolution
		SolutionGuid = {932A3E3F-FC00-42E5-991D-FB7A9EB8FB6B}
	EndGlobalSection
EndGlobal
