
Microsoft Visual Studio Solution File, Format Version 12.00
# Visual Studio Version 16
VisualStudioVersion = 16.0.32929.386
MinimumVisualStudioVersion = 10.0.40219.1
Project("{FAE04EC0-301F-11D3-BF4B-00C04F79EFBC}") = "17. Class + Foreach", "17. Class + Foreach\17. Class + Foreach.csproj", "{B72CF5EC-06FC-4EA5-989A-6DA4903C1E5A}"
EndProject
Global
	GlobalSection(SolutionConfigurationPlatforms) = preSolution
		Debug|Any CPU = Debug|Any CPU
		Release|Any CPU = Release|Any CPU
	EndGlobalSection
	GlobalSection(ProjectConfigurationPlatforms) = postSolution
		{B72CF5EC-06FC-4EA5-989A-6DA4903C1E5A}.Debug|Any CPU.ActiveCfg = Debug|Any CPU
		{B72CF5EC-06FC-4EA5-989A-6DA4903C1E5A}.Debug|Any CPU.Build.0 = Debug|Any CPU
		{B72CF5EC-06FC-4EA5-989A-6DA4903C1E5A}.Release|Any CPU.ActiveCfg = Release|Any CPU
		{B72CF5EC-06FC-4EA5-989A-6DA4903C1E5A}.Release|Any CPU.Build.0 = Release|Any CPU
	EndGlobalSection
	GlobalSection(SolutionProperties) = preSolution
		HideSolutionNode = FALSE
	EndGlobalSection
	GlobalSection(ExtensibilityGlobals) = postSolution
		SolutionGuid = {D3389410-2D46-4F2E-87AF-19BBA667A340}
	EndGlobalSection
EndGlobal
