
Microsoft Visual Studio Solution File, Format Version 12.00
# Visual Studio Version 16
VisualStudioVersion = 16.0.32929.386
MinimumVisualStudioVersion = 10.0.40219.1
Project("{FAE04EC0-301F-11D3-BF4B-00C04F79EFBC}") = "3. Timer + DateTime", "3. Timer + DateTime\3. Timer + DateTime.csproj", "{7670D7B3-7722-402E-974B-4FFC0175D45A}"
EndProject
Global
	GlobalSection(SolutionConfigurationPlatforms) = preSolution
		Debug|Any CPU = Debug|Any CPU
		Release|Any CPU = Release|Any CPU
	EndGlobalSection
	GlobalSection(ProjectConfigurationPlatforms) = postSolution
		{7670D7B3-7722-402E-974B-4FFC0175D45A}.Debug|Any CPU.ActiveCfg = Debug|Any CPU
		{7670D7B3-7722-402E-974B-4FFC0175D45A}.Debug|Any CPU.Build.0 = Debug|Any CPU
		{7670D7B3-7722-402E-974B-4FFC0175D45A}.Release|Any CPU.ActiveCfg = Release|Any CPU
		{7670D7B3-7722-402E-974B-4FFC0175D45A}.Release|Any CPU.Build.0 = Release|Any CPU
	EndGlobalSection
	GlobalSection(SolutionProperties) = preSolution
		HideSolutionNode = FALSE
	EndGlobalSection
	GlobalSection(ExtensibilityGlobals) = postSolution
		SolutionGuid = {CFA4A1BF-3642-45FA-894C-3C43E0652D3B}
	EndGlobalSection
EndGlobal
