
Microsoft Visual Studio Solution File, Format Version 12.00
# Visual Studio Version 16
VisualStudioVersion = 16.0.32929.386
MinimumVisualStudioVersion = 10.0.40219.1
Project("{FAE04EC0-301F-11D3-BF4B-00C04F79EFBC}") = "4. Listbox + DGW 2", "4. Listbox + DGW 2\4. Listbox + DGW 2.csproj", "{DD1D73A0-E36A-4C07-91D7-5ECEE2165F34}"
EndProject
Global
	GlobalSection(SolutionConfigurationPlatforms) = preSolution
		Debug|Any CPU = Debug|Any CPU
		Release|Any CPU = Release|Any CPU
	EndGlobalSection
	GlobalSection(ProjectConfigurationPlatforms) = postSolution
		{DD1D73A0-E36A-4C07-91D7-5ECEE2165F34}.Debug|Any CPU.ActiveCfg = Debug|Any CPU
		{DD1D73A0-E36A-4C07-91D7-5ECEE2165F34}.Debug|Any CPU.Build.0 = Debug|Any CPU
		{DD1D73A0-E36A-4C07-91D7-5ECEE2165F34}.Release|Any CPU.ActiveCfg = Release|Any CPU
		{DD1D73A0-E36A-4C07-91D7-5ECEE2165F34}.Release|Any CPU.Build.0 = Release|Any CPU
	EndGlobalSection
	GlobalSection(SolutionProperties) = preSolution
		HideSolutionNode = FALSE
	EndGlobalSection
	GlobalSection(ExtensibilityGlobals) = postSolution
		SolutionGuid = {5EC75A56-7868-4FDD-8F4A-0D0C018CA27C}
	EndGlobalSection
EndGlobal
