
Microsoft Visual Studio Solution File, Format Version 12.00
# Visual Studio Version 16
VisualStudioVersion = 16.0.32929.386
MinimumVisualStudioVersion = 10.0.40219.1
Project("{FAE04EC0-301F-11D3-BF4B-00C04F79EFBC}") = "3. Timer2", "3. Timer2\3. Timer2.csproj", "{DD5C7B1F-6BA1-467B-86A2-CB1EEEA8502B}"
EndProject
Global
	GlobalSection(SolutionConfigurationPlatforms) = preSolution
		Debug|Any CPU = Debug|Any CPU
		Release|Any CPU = Release|Any CPU
	EndGlobalSection
	GlobalSection(ProjectConfigurationPlatforms) = postSolution
		{DD5C7B1F-6BA1-467B-86A2-CB1EEEA8502B}.Debug|Any CPU.ActiveCfg = Debug|Any CPU
		{DD5C7B1F-6BA1-467B-86A2-CB1EEEA8502B}.Debug|Any CPU.Build.0 = Debug|Any CPU
		{DD5C7B1F-6BA1-467B-86A2-CB1EEEA8502B}.Release|Any CPU.ActiveCfg = Release|Any CPU
		{DD5C7B1F-6BA1-467B-86A2-CB1EEEA8502B}.Release|Any CPU.Build.0 = Release|Any CPU
	EndGlobalSection
	GlobalSection(SolutionProperties) = preSolution
		HideSolutionNode = FALSE
	EndGlobalSection
	GlobalSection(ExtensibilityGlobals) = postSolution
		SolutionGuid = {4E9277DE-E3C9-4684-8F64-4B65ADC8DDAA}
	EndGlobalSection
EndGlobal
