
Microsoft Visual Studio Solution File, Format Version 12.00
# Visual Studio Version 16
VisualStudioVersion = 16.0.32929.386
MinimumVisualStudioVersion = 10.0.40219.1
Project("{FAE04EC0-301F-11D3-BF4B-00C04F79EFBC}") = "14. Class_Cinema_Example", "14. Class_Cinema_Example\14. Class_Cinema_Example.csproj", "{A90B832E-F808-42BB-9A09-C5A96501088A}"
EndProject
Global
	GlobalSection(SolutionConfigurationPlatforms) = preSolution
		Debug|Any CPU = Debug|Any CPU
		Release|Any CPU = Release|Any CPU
	EndGlobalSection
	GlobalSection(ProjectConfigurationPlatforms) = postSolution
		{A90B832E-F808-42BB-9A09-C5A96501088A}.Debug|Any CPU.ActiveCfg = Debug|Any CPU
		{A90B832E-F808-42BB-9A09-C5A96501088A}.Debug|Any CPU.Build.0 = Debug|Any CPU
		{A90B832E-F808-42BB-9A09-C5A96501088A}.Release|Any CPU.ActiveCfg = Release|Any CPU
		{A90B832E-F808-42BB-9A09-C5A96501088A}.Release|Any CPU.Build.0 = Release|Any CPU
	EndGlobalSection
	GlobalSection(SolutionProperties) = preSolution
		HideSolutionNode = FALSE
	EndGlobalSection
	GlobalSection(ExtensibilityGlobals) = postSolution
		SolutionGuid = {6527AE5F-3AC0-4979-9618-41B037956DDD}
	EndGlobalSection
EndGlobal
