
Microsoft Visual Studio Solution File, Format Version 12.00
# Visual Studio Version 16
VisualStudioVersion = 16.0.32929.386
MinimumVisualStudioVersion = 10.0.40219.1
Project("{FAE04EC0-301F-11D3-BF4B-00C04F79EFBC}") = "10. Class2", "10. Class2\10. Class2.csproj", "{D1D3ECF9-A430-40F8-96E4-29E9E8EF16AA}"
EndProject
Global
	GlobalSection(SolutionConfigurationPlatforms) = preSolution
		Debug|Any CPU = Debug|Any CPU
		Release|Any CPU = Release|Any CPU
	EndGlobalSection
	GlobalSection(ProjectConfigurationPlatforms) = postSolution
		{D1D3ECF9-A430-40F8-96E4-29E9E8EF16AA}.Debug|Any CPU.ActiveCfg = Debug|Any CPU
		{D1D3ECF9-A430-40F8-96E4-29E9E8EF16AA}.Debug|Any CPU.Build.0 = Debug|Any CPU
		{D1D3ECF9-A430-40F8-96E4-29E9E8EF16AA}.Release|Any CPU.ActiveCfg = Release|Any CPU
		{D1D3ECF9-A430-40F8-96E4-29E9E8EF16AA}.Release|Any CPU.Build.0 = Release|Any CPU
	EndGlobalSection
	GlobalSection(SolutionProperties) = preSolution
		HideSolutionNode = FALSE
	EndGlobalSection
	GlobalSection(ExtensibilityGlobals) = postSolution
		SolutionGuid = {A0026C17-7E8F-4D57-9019-12B883BF510A}
	EndGlobalSection
EndGlobal
